
Microsoft Visual Studio Solution File, Format Version 12.00
# Visual Studio Version 17
VisualStudioVersion = 17.14.36511.14 d17.14
MinimumVisualStudioVersion = 10.0.40219.1
Project("{FAE04EC0-301F-11D3-BF4B-00C04F79EFBC}") = "ISIP_Lopatina", "ISIP_Lopatina.csproj", "{51F397A8-CCF0-4886-97BE-CA0714B8886F}"
EndProject
Global
	GlobalSection(SolutionConfigurationPlatforms) = preSolution
		Debug|Any CPU = Debug|Any CPU
		Release|Any CPU = Release|Any CPU
	EndGlobalSection
	GlobalSection(ProjectConfigurationPlatforms) = postSolution
		{51F397A8-CCF0-4886-97BE-CA0714B8886F}.Debug|Any CPU.ActiveCfg = Debug|Any CPU
		{51F397A8-CCF0-4886-97BE-CA0714B8886F}.Debug|Any CPU.Build.0 = Debug|Any CPU
		{51F397A8-CCF0-4886-97BE-CA0714B8886F}.Release|Any CPU.ActiveCfg = Release|Any CPU
		{51F397A8-CCF0-4886-97BE-CA0714B8886F}.Release|Any CPU.Build.0 = Release|Any CPU
	EndGlobalSection
	GlobalSection(SolutionProperties) = preSolution
		HideSolutionNode = FALSE
	EndGlobalSection
	GlobalSection(ExtensibilityGlobals) = postSolution
		SolutionGuid = {B0DA0A04-777A-4B2A-B078-352D8CB6A7B5}
	EndGlobalSection
EndGlobal
